
Microsoft Visual Studio Solution File, Format Version 12.00
# Visual Studio Version 17
VisualStudioVersion = 17.11.35312.102
MinimumVisualStudioVersion = 10.0.40219.1
Project("{FAE04EC0-301F-11D3-BF4B-00C04F79EFBC}") = "GUI", "GUI\GUI.csproj", "{03EAD0B5-4589-4C23-B1D9-9CF7A54CB1BB}"
EndProject
Project("{FAE04EC0-301F-11D3-BF4B-00C04F79EFBC}") = "BUS", "BUS\BUS.csproj", "{53AA402F-D0FB-48C1-96E7-D11416126D14}"
EndProject
Project("{FAE04EC0-301F-11D3-BF4B-00C04F79EFBC}") = "DAL", "DAL\DAL.csproj", "{4DCF98C1-8221-463D-B251-398CFB1D959D}"
EndProject
Global
	GlobalSection(SolutionConfigurationPlatforms) = preSolution
		Debug|Any CPU = Debug|Any CPU
		Release|Any CPU = Release|Any CPU
	EndGlobalSection
	GlobalSection(ProjectConfigurationPlatforms) = postSolution
		{03EAD0B5-4589-4C23-B1D9-9CF7A54CB1BB}.Debug|Any CPU.ActiveCfg = Debug|Any CPU
		{03EAD0B5-4589-4C23-B1D9-9CF7A54CB1BB}.Debug|Any CPU.Build.0 = Debug|Any CPU
		{03EAD0B5-4589-4C23-B1D9-9CF7A54CB1BB}.Release|Any CPU.ActiveCfg = Release|Any CPU
		{03EAD0B5-4589-4C23-B1D9-9CF7A54CB1BB}.Release|Any CPU.Build.0 = Release|Any CPU
		{53AA402F-D0FB-48C1-96E7-D11416126D14}.Debug|Any CPU.ActiveCfg = Debug|Any CPU
		{53AA402F-D0FB-48C1-96E7-D11416126D14}.Debug|Any CPU.Build.0 = Debug|Any CPU
		{53AA402F-D0FB-48C1-96E7-D11416126D14}.Release|Any CPU.ActiveCfg = Release|Any CPU
		{53AA402F-D0FB-48C1-96E7-D11416126D14}.Release|Any CPU.Build.0 = Release|Any CPU
		{4DCF98C1-8221-463D-B251-398CFB1D959D}.Debug|Any CPU.ActiveCfg = Debug|Any CPU
		{4DCF98C1-8221-463D-B251-398CFB1D959D}.Debug|Any CPU.Build.0 = Debug|Any CPU
		{4DCF98C1-8221-463D-B251-398CFB1D959D}.Release|Any CPU.ActiveCfg = Release|Any CPU
		{4DCF98C1-8221-463D-B251-398CFB1D959D}.Release|Any CPU.Build.0 = Release|Any CPU
	EndGlobalSection
	GlobalSection(SolutionProperties) = preSolution
		HideSolutionNode = FALSE
	EndGlobalSection
	GlobalSection(ExtensibilityGlobals) = postSolution
		SolutionGuid = {63FD3F4B-07C6-42FF-A7F8-9028E369FC39}
	EndGlobalSection
EndGlobal
